// !$*UTF8*$!
{
	archiveVersion = 1;
	classes = {
	};
	objectVersion = 46;
	objects = {

/* Begin PBXBuildFile section */
		969B82711C0668CA009B23B5 /* SwiftyJSON.swift in Sources */ = {isa = PBXBuildFile; fileRef = 969B82701C0668CA009B23B5 /* SwiftyJSON.swift */; settings = {ASSET_TAGS = (); }; };
		96A3BDB81C056AFB00E0B8D3 /* AppDelegate.swift in Sources */ = {isa = PBXBuildFile; fileRef = 96A3BDB71C056AFB00E0B8D3 /* AppDelegate.swift */; };
		96A3BDBA1C056AFB00E0B8D3 /* MasterViewController.swift in Sources */ = {isa = PBXBuildFile; fileRef = 96A3BDB91C056AFB00E0B8D3 /* MasterViewController.swift */; };
		96A3BDBC1C056AFB00E0B8D3 /* DetailViewController.swift in Sources */ = {isa = PBXBuildFile; fileRef = 96A3BDBB1C056AFB00E0B8D3 /* DetailViewController.swift */; };
		96A3BDBF1C056AFB00E0B8D3 /* Main.storyboard in Resources */ = {isa = PBXBuildFile; fileRef = 96A3BDBD1C056AFB00E0B8D3 /* Main.storyboard */; };
		96A3BDC11C056AFC00E0B8D3 /* Assets.xcassets in Resources */ = {isa = PBXBuildFile; fileRef = 96A3BDC01C056AFC00E0B8D3 /* Assets.xcassets */; };
		96A3BDC41C056AFC00E0B8D3 /* LaunchScreen.storyboard in Resources */ = {isa = PBXBuildFile; fileRef = 96A3BDC21C056AFC00E0B8D3 /* LaunchScreen.storyboard */; };
/* End PBXBuildFile section */

/* Begin PBXFileReference section */
		969B82701C0668CA009B23B5 /* SwiftyJSON.swift */ = {isa = PBXFileReference; fileEncoding = 4; lastKnownFileType = sourcecode.swift; path = SwiftyJSON.swift; sourceTree = "<group>"; };
		96A3BDB41C056AFB00E0B8D3 /* Project7.app */ = {isa = PBXFileReference; explicitFileType = wrapper.application; includeInIndex = 0; path = Project7.app; sourceTree = BUILT_PRODUCTS_DIR; };
		96A3BDB71C056AFB00E0B8D3 /* AppDelegate.swift */ = {isa = PBXFileReference; lastKnownFileType = sourcecode.swift; path = AppDelegate.swift; sourceTree = "<group>"; };
		96A3BDB91C056AFB00E0B8D3 /* MasterViewController.swift */ = {isa = PBXFileReference; lastKnownFileType = sourcecode.swift; path = MasterViewController.swift; sourceTree = "<group>"; };
		96A3BDBB1C056AFB00E0B8D3 /* DetailViewController.swift */ = {isa = PBXFileReference; lastKnownFileType = sourcecode.swift; path = DetailViewController.swift; sourceTree = "<group>"; };
		96A3BDBE1C056AFB00E0B8D3 /* Base */ = {isa = PBXFileReference; lastKnownFileType = file.storyboard; name = Base; path = Base.lproj/Main.storyboard; sourceTree = "<group>"; };
		96A3BDC01C056AFC00E0B8D3 /* Assets.xcassets */ = {isa = PBXFileReference; lastKnownFileType = folder.assetcatalog; path = Assets.xcassets; sourceTree = "<group>"; };
		96A3BDC31C056AFC00E0B8D3 /* Base */ = {isa = PBXFileReference; lastKnownFileType = file.storyboard; name = Base; path = Base.lproj/LaunchScreen.storyboard; sourceTree = "<group>"; };
		96A3BDC51C056AFC00E0B8D3 /* Info.plist */ = {isa = PBXFileReference; lastKnownFileType = text.plist.xml; path = Info.plist; sourceTree = "<group>"; };
/* End PBXFileReference section */

/* Begin PBXFrameworksBuildPhase section */
		96A3BDB11C056AFB00E0B8D3 /* Frameworks */ = {
			isa = PBXFrameworksBuildPhase;
			buildActionMask = 2147483647;
			files = (
			);
			runOnlyForDeploymentPostprocessing = 0;
		};
/* End PBXFrameworksBuildPhase section */

/* Begin PBXGroup section */
		96A3BDAB1C056AFB00E0B8D3 = {
			isa = PBXGroup;
			children = (
				96A3BDB61C056AFB00E0B8D3 /* Project7 */,
				96A3BDB51C056AFB00E0B8D3 /* Products */,
			);
			sourceTree = "<group>";
		};
		96A3BDB51C056AFB00E0B8D3 /* Products */ = {
			isa = PBXGroup;
			children = (
				96A3BDB41C056AFB00E0B8D3 /* Project7.app */,
			);
			name = Products;
			sourceTree = "<group>";
		};
		96A3BDB61C056AFB00E0B8D3 /* Project7 */ = {
			isa = PBXGroup;
			children = (
				96A3BDB71C056AFB00E0B8D3 /* AppDelegate.swift */,
				96A3BDB91C056AFB00E0B8D3 /* MasterViewController.swift */,
				96A3BDBB1C056AFB00E0B8D3 /* DetailViewController.swift */,
				96A3BDBD1C056AFB00E0B8D3 /* Main.storyboard */,
				96A3BDC01C056AFC00E0B8D3 /* Assets.xcassets */,
				969B82701C0668CA009B23B5 /* SwiftyJSON.swift */,
				96A3BDC21C056AFC00E0B8D3 /* LaunchScreen.storyboard */,
				96A3BDC51C056AFC00E0B8D3 /* Info.plist */,
			);
			path = Project7;
			sourceTree = "<group>";
		};
/* End PBXGroup section */

/* Begin PBXNativeTarget section */
		96A3BDB31C056AFB00E0B8D3 /* Project7 */ = {
			isa = PBXNativeTarget;
			buildConfigurationList = 96A3BDC81C056AFC00E0B8D3 /* Build configuration list for PBXNativeTarget "Project7" */;
			buildPhases = (
				96A3BDB01C056AFB00E0B8D3 /* Sources */,
				96A3BDB11C056AFB00E0B8D3 /* Frameworks */,
				96A3BDB21C056AFB00E0B8D3 /* Resources */,
			);
			buildRules = (
			);
			dependencies = (
			);
			name = Project7;
			productName = Project7;
			productReference = 96A3BDB41C056AFB00E0B8D3 /* Project7.app */;
			productType = "com.apple.product-type.application";
		};
/* End PBXNativeTarget section */

/* Begin PBXProject section */
		96A3BDAC1C056AFB00E0B8D3 /* Project object */ = {
			isa = PBXProject;
			attributes = {
				LastUpgradeCheck = 0700;
				ORGANIZATIONNAME = joanne;
				TargetAttributes = {
					96A3BDB31C056AFB00E0B8D3 = {
						CreatedOnToolsVersion = 7.0.1;
					};
				};
			};
			buildConfigurationList = 96A3BDAF1C056AFB00E0B8D3 /* Build configuration list for PBXProject "Project7" */;
			compatibilityVersion = "Xcode 3.2";
			developmentRegion = English;
			hasScannedForEncodings = 0;
			knownRegions = (
				en,
				Base,
			);
			mainGroup = 96A3BDAB1C056AFB00E0B8D3;
			productRefGroup = 96A3BDB51C056AFB00E0B8D3 /* Products */;
			projectDirPath = "";
			projectRoot = "";
			targets = (
				96A3BDB31C056AFB00E0B8D3 /* Project7 */,
			);
		};
/* End PBXProject section */

/* Begin PBXResourcesBuildPhase section */
		96A3BDB21C056AFB00E0B8D3 /* Resources */ = {
			isa = PBXResourcesBuildPhase;
			buildActionMask = 2147483647;
			files = (
				96A3BDC41C056AFC00E0B8D3 /* LaunchScreen.storyboard in Resources */,
				96A3BDC11C056AFC00E0B8D3 /* Assets.xcassets in Resources */,
				96A3BDBF1C056AFB00E0B8D3 /* Main.storyboard in Resources */,
			);
			runOnlyForDeploymentPostprocessing = 0;
		};
/* End PBXResourcesBuildPhase section */

/* Begin PBXSourcesBuildPhase section */
		96A3BDB01C056AFB00E0B8D3 /* Sources */ = {
			isa = PBXSourcesBuildPhase;
			buildActionMask = 2147483647;
			files = (
				96A3BDBC1C056AFB00E0B8D3 /* DetailViewController.swift in Sources */,
				96A3BDBA1C056AFB00E0B8D3 /* MasterViewController.swift in Sources */,
				96A3BDB81C056AFB00E0B8D3 /* AppDelegate.swift in Sources */,
				969B82711C0668CA009B23B5 /* SwiftyJSON.swift in Sources */,
			);
			runOnlyForDeploymentPostprocessing = 0;
		};
/* End PBXSourcesBuildPhase section */

/* Begin PBXVariantGroup section */
		96A3BDBD1C056AFB00E0B8D3 /* Main.storyboard */ = {
			isa = PBXVariantGroup;
			children = (
				96A3BDBE1C056AFB00E0B8D3 /* Base */,
			);
			name = Main.storyboard;
			sourceTree = "<group>";
		};
		96A3BDC21C056AFC00E0B8D3 /* LaunchScreen.storyboard */ = {
			isa = PBXVariantGroup;
			children = (
				96A3BDC31C056AFC00E0B8D3 /* Base */,
			);
			name = LaunchScreen.storyboard;
			sourceTree = "<group>";
		};
/* End PBXVariantGroup section */

/* Begin XCBuildConfiguration section */
		96A3BDC61C056AFC00E0B8D3 /* Debug */ = {
			isa = XCBuildConfiguration;
			buildSettings = {
				ALWAYS_SEARCH_USER_PATHS = NO;
				CLANG_CXX_LANGUAGE_STANDARD = "gnu++0x";
				CLANG_CXX_LIBRARY = "libc++";
				CLANG_ENABLE_MODULES = YES;
				CLANG_ENABLE_OBJC_ARC = YES;
				CLANG_WARN_BOOL_CONVERSION = YES;
				CLANG_WARN_CONSTANT_CONVERSION = YES;
				CLANG_WARN_DIRECT_OBJC_ISA_USAGE = YES_ERROR;
				CLANG_WARN_EMPTY_BODY = YES;
				CLANG_WARN_ENUM_CONVERSION = YES;
				CLANG_WARN_INT_CONVERSION = YES;
				CLANG_WARN_OBJC_ROOT_CLASS = YES_ERROR;
				CLANG_WARN_UNREACHABLE_CODE = YES;
				CLANG_WARN__DUPLICATE_METHOD_MATCH = YES;
				"CODE_SIGN_IDENTITY[sdk=iphoneos*]" = "iPhone Developer";
				COPY_PHASE_STRIP = NO;
				DEBUG_INFORMATION_FORMAT = dwarf;
				ENABLE_STRICT_OBJC_MSGSEND = YES;
				ENABLE_TESTABILITY = YES;
				GCC_C_LANGUAGE_STANDARD = gnu99;
				GCC_DYNAMIC_NO_PIC = NO;
				GCC_NO_COMMON_BLOCKS = YES;
				GCC_OPTIMIZATION_LEVEL = 0;
				GCC_PREPROCESSOR_DEFINITIONS = (
					"DEBUG=1",
					"$(inherited)",
				);
				GCC_WARN_64_TO_32_BIT_CONVERSION = YES;
				GCC_WARN_ABOUT_RETURN_TYPE = YES_ERROR;
				GCC_WARN_UNDECLARED_SELECTOR = YES;
				GCC_WARN_UNINITIALIZED_AUTOS = YES_AGGRESSIVE;
				GCC_WARN_UNUSED_FUNCTION = YES;
				GCC_WARN_UNUSED_VARIABLE = YES;
				IPHONEOS_DEPLOYMENT_TARGET = 9.0;
				MTL_ENABLE_DEBUG_INFO = YES;
				ONLY_ACTIVE_ARCH = YES;
				SDKROOT = iphoneos;
				SWIFT_OPTIMIZATION_LEVEL = "-Onone";
				TARGETED_DEVICE_FAMILY = 2;
			};
			name = Debug;
		};
		96A3BDC71C056AFC00E0B8D3 /* Release */ = {
			isa = XCBuildConfiguration;
			buildSettings = {
				ALWAYS_SEARCH_USER_PATHS = NO;
				CLANG_CXX_LANGUAGE_STANDARD = "gnu++0x";
				CLANG_CXX_LIBRARY = "libc++";
				CLANG_ENABLE_MODULES = YES;
				CLANG_ENABLE_OBJC_ARC = YES;
				CLANG_WARN_BOOL_CONVERSION = YES;
				CLANG_WARN_CONSTANT_CONVERSION = YES;
				CLANG_WARN_DIRECT_OBJC_ISA_USAGE = YES_ERROR;
				CLANG_WARN_EMPTY_BODY = YES;
				CLANG_WARN_ENUM_CONVERSION = YES;
				CLANG_WARN_INT_CONVERSION = YES;
				CLANG_WARN_OBJC_ROOT_CLASS = YES_ERROR;
				CLANG_WARN_UNREACHABLE_CODE = YES;
				CLANG_WARN__DUPLICATE_METHOD_MATCH = YES;
				"CODE_SIGN_IDENTITY[sdk=iphoneos*]" = "iPhone Developer";
				COPY_PHASE_STRIP = NO;
				DEBUG_INFORMATION_FORMAT = "dwarf-with-dsym";
				ENABLE_NS_ASSERTIONS = NO;
				ENABLE_STRICT_OBJC_MSGSEND = YES;
				GCC_C_LANGUAGE_STANDARD = gnu99;
				GCC_NO_COMMON_BLOCKS = YES;
				GCC_WARN_64_TO_32_BIT_CONVERSION = YES;
				GCC_WARN_ABOUT_RETURN_TYPE = YES_ERROR;
				GCC_WARN_UNDECLARED_SELECTOR = YES;
				GCC_WARN_UNINITIALIZED_AUTOS = YES_AGGRESSIVE;
				GCC_WARN_UNUSED_FUNCTION = YES;
				GCC_WARN_UNUSED_VARIABLE = YES;
				IPHONEOS_DEPLOYMENT_TARGET = 9.0;
				MTL_ENABLE_DEBUG_INFO = NO;
				SDKROOT = iphoneos;
				TARGETED_DEVICE_FAMILY = 2;
				VALIDATE_PRODUCT = YES;
			};
			name = Release;
		};
		96A3BDC91C056AFC00E0B8D3 /* Debug */ = {
			isa = XCBuildConfiguration;
			buildSettings = {
				ASSETCATALOG_COMPILER_APPICON_NAME = AppIcon;
				INFOPLIST_FILE = Project7/Info.plist;
				LD_RUNPATH_SEARCH_PATHS = "$(inherited) @executable_path/Frameworks";
				PRODUCT_BUNDLE_IDENTIFIER = com.joanne.Project7;
				PRODUCT_NAME = "$(TARGET_NAME)";
			};
			name = Debug;
		};
		96A3BDCA1C056AFC00E0B8D3 /* Release */ = {
			isa = XCBuildConfiguration;
			buildSettings = {
				ASSETCATALOG_COMPILER_APPICON_NAME = AppIcon;
				INFOPLIST_FILE = Project7/Info.plist;
				LD_RUNPATH_SEARCH_PATHS = "$(inherited) @executable_path/Frameworks";
				PRODUCT_BUNDLE_IDENTIFIER = com.joanne.Project7;
				PRODUCT_NAME = "$(TARGET_NAME)";
			};
			name = Release;
		};
/* End XCBuildConfiguration section */

/* Begin XCConfigurationList section */
		96A3BDAF1C056AFB00E0B8D3 /* Build configuration list for PBXProject "Project7" */ = {
			isa = XCConfigurationList;
			buildConfigurations = (
				96A3BDC61C056AFC00E0B8D3 /* Debug */,
				96A3BDC71C056AFC00E0B8D3 /* Release */,
			);
			defaultConfigurationIsVisible = 0;
			defaultConfigurationName = Release;
		};
		96A3BDC81C056AFC00E0B8D3 /* Build configuration list for PBXNativeTarget "Project7" */ = {
			isa = XCConfigurationList;
			buildConfigurations = (
				96A3BDC91C056AFC00E0B8D3 /* Debug */,
				96A3BDCA1C056AFC00E0B8D3 /* Release */,
			);
			defaultConfigurationIsVisible = 0;
			defaultConfigurationName = Release;
		};
/* End XCConfigurationList section */
	};
	rootObject = 96A3BDAC1C056AFB00E0B8D3 /* Project object */;
}
