// !$*UTF8*$!
{
	archiveVersion = 1;
	classes = {
	};
	objectVersion = 46;
	objects = {

/* Begin PBXBuildFile section */
		96A3BD581C0503F200E0B8D3 /* AppDelegate.swift in Sources */ = {isa = PBXBuildFile; fileRef = 96A3BD571C0503F200E0B8D3 /* AppDelegate.swift */; };
		96A3BD5A1C0503F200E0B8D3 /* ViewController.swift in Sources */ = {isa = PBXBuildFile; fileRef = 96A3BD591C0503F200E0B8D3 /* ViewController.swift */; };
		96A3BD5D1C0503F200E0B8D3 /* Main.storyboard in Resources */ = {isa = PBXBuildFile; fileRef = 96A3BD5B1C0503F200E0B8D3 /* Main.storyboard */; };
		96A3BD5F1C0503F200E0B8D3 /* Assets.xcassets in Resources */ = {isa = PBXBuildFile; fileRef = 96A3BD5E1C0503F200E0B8D3 /* Assets.xcassets */; };
		96A3BD621C0503F200E0B8D3 /* LaunchScreen.storyboard in Resources */ = {isa = PBXBuildFile; fileRef = 96A3BD601C0503F200E0B8D3 /* LaunchScreen.storyboard */; };
/* End PBXBuildFile section */

/* Begin PBXFileReference section */
		96A3BD541C0503F200E0B8D3 /* Project4.app */ = {isa = PBXFileReference; explicitFileType = wrapper.application; includeInIndex = 0; path = Project4.app; sourceTree = BUILT_PRODUCTS_DIR; };
		96A3BD571C0503F200E0B8D3 /* AppDelegate.swift */ = {isa = PBXFileReference; lastKnownFileType = sourcecode.swift; path = AppDelegate.swift; sourceTree = "<group>"; };
		96A3BD591C0503F200E0B8D3 /* ViewController.swift */ = {isa = PBXFileReference; lastKnownFileType = sourcecode.swift; path = ViewController.swift; sourceTree = "<group>"; };
		96A3BD5C1C0503F200E0B8D3 /* Base */ = {isa = PBXFileReference; lastKnownFileType = file.storyboard; name = Base; path = Base.lproj/Main.storyboard; sourceTree = "<group>"; };
		96A3BD5E1C0503F200E0B8D3 /* Assets.xcassets */ = {isa = PBXFileReference; lastKnownFileType = folder.assetcatalog; path = Assets.xcassets; sourceTree = "<group>"; };
		96A3BD611C0503F200E0B8D3 /* Base */ = {isa = PBXFileReference; lastKnownFileType = file.storyboard; name = Base; path = Base.lproj/LaunchScreen.storyboard; sourceTree = "<group>"; };
		96A3BD631C0503F200E0B8D3 /* Info.plist */ = {isa = PBXFileReference; lastKnownFileType = text.plist.xml; path = Info.plist; sourceTree = "<group>"; };
/* End PBXFileReference section */

/* Begin PBXFrameworksBuildPhase section */
		96A3BD511C0503F200E0B8D3 /* Frameworks */ = {
			isa = PBXFrameworksBuildPhase;
			buildActionMask = 2147483647;
			files = (
			);
			runOnlyForDeploymentPostprocessing = 0;
		};
/* End PBXFrameworksBuildPhase section */

/* Begin PBXGroup section */
		96A3BD4B1C0503F200E0B8D3 = {
			isa = PBXGroup;
			children = (
				96A3BD561C0503F200E0B8D3 /* Project4 */,
				96A3BD551C0503F200E0B8D3 /* Products */,
			);
			sourceTree = "<group>";
		};
		96A3BD551C0503F200E0B8D3 /* Products */ = {
			isa = PBXGroup;
			children = (
				96A3BD541C0503F200E0B8D3 /* Project4.app */,
			);
			name = Products;
			sourceTree = "<group>";
		};
		96A3BD561C0503F200E0B8D3 /* Project4 */ = {
			isa = PBXGroup;
			children = (
				96A3BD571C0503F200E0B8D3 /* AppDelegate.swift */,
				96A3BD591C0503F200E0B8D3 /* ViewController.swift */,
				96A3BD5B1C0503F200E0B8D3 /* Main.storyboard */,
				96A3BD5E1C0503F200E0B8D3 /* Assets.xcassets */,
				96A3BD601C0503F200E0B8D3 /* LaunchScreen.storyboard */,
				96A3BD631C0503F200E0B8D3 /* Info.plist */,
			);
			path = Project4;
			sourceTree = "<group>";
		};
/* End PBXGroup section */

/* Begin PBXNativeTarget section */
		96A3BD531C0503F200E0B8D3 /* Project4 */ = {
			isa = PBXNativeTarget;
			buildConfigurationList = 96A3BD661C0503F200E0B8D3 /* Build configuration list for PBXNativeTarget "Project4" */;
			buildPhases = (
				96A3BD501C0503F200E0B8D3 /* Sources */,
				96A3BD511C0503F200E0B8D3 /* Frameworks */,
				96A3BD521C0503F200E0B8D3 /* Resources */,
			);
			buildRules = (
			);
			dependencies = (
			);
			name = Project4;
			productName = Project4;
			productReference = 96A3BD541C0503F200E0B8D3 /* Project4.app */;
			productType = "com.apple.product-type.application";
		};
/* End PBXNativeTarget section */

/* Begin PBXProject section */
		96A3BD4C1C0503F200E0B8D3 /* Project object */ = {
			isa = PBXProject;
			attributes = {
				LastUpgradeCheck = 0700;
				ORGANIZATIONNAME = joanne;
				TargetAttributes = {
					96A3BD531C0503F200E0B8D3 = {
						CreatedOnToolsVersion = 7.0.1;
					};
				};
			};
			buildConfigurationList = 96A3BD4F1C0503F200E0B8D3 /* Build configuration list for PBXProject "Project4" */;
			compatibilityVersion = "Xcode 3.2";
			developmentRegion = English;
			hasScannedForEncodings = 0;
			knownRegions = (
				en,
				Base,
			);
			mainGroup = 96A3BD4B1C0503F200E0B8D3;
			productRefGroup = 96A3BD551C0503F200E0B8D3 /* Products */;
			projectDirPath = "";
			projectRoot = "";
			targets = (
				96A3BD531C0503F200E0B8D3 /* Project4 */,
			);
		};
/* End PBXProject section */

/* Begin PBXResourcesBuildPhase section */
		96A3BD521C0503F200E0B8D3 /* Resources */ = {
			isa = PBXResourcesBuildPhase;
			buildActionMask = 2147483647;
			files = (
				96A3BD621C0503F200E0B8D3 /* LaunchScreen.storyboard in Resources */,
				96A3BD5F1C0503F200E0B8D3 /* Assets.xcassets in Resources */,
				96A3BD5D1C0503F200E0B8D3 /* Main.storyboard in Resources */,
			);
			runOnlyForDeploymentPostprocessing = 0;
		};
/* End PBXResourcesBuildPhase section */

/* Begin PBXSourcesBuildPhase section */
		96A3BD501C0503F200E0B8D3 /* Sources */ = {
			isa = PBXSourcesBuildPhase;
			buildActionMask = 2147483647;
			files = (
				96A3BD5A1C0503F200E0B8D3 /* ViewController.swift in Sources */,
				96A3BD581C0503F200E0B8D3 /* AppDelegate.swift in Sources */,
			);
			runOnlyForDeploymentPostprocessing = 0;
		};
/* End PBXSourcesBuildPhase section */

/* Begin PBXVariantGroup section */
		96A3BD5B1C0503F200E0B8D3 /* Main.storyboard */ = {
			isa = PBXVariantGroup;
			children = (
				96A3BD5C1C0503F200E0B8D3 /* Base */,
			);
			name = Main.storyboard;
			sourceTree = "<group>";
		};
		96A3BD601C0503F200E0B8D3 /* LaunchScreen.storyboard */ = {
			isa = PBXVariantGroup;
			children = (
				96A3BD611C0503F200E0B8D3 /* Base */,
			);
			name = LaunchScreen.storyboard;
			sourceTree = "<group>";
		};
/* End PBXVariantGroup section */

/* Begin XCBuildConfiguration section */
		96A3BD641C0503F200E0B8D3 /* Debug */ = {
			isa = XCBuildConfiguration;
			buildSettings = {
				ALWAYS_SEARCH_USER_PATHS = NO;
				CLANG_CXX_LANGUAGE_STANDARD = "gnu++0x";
				CLANG_CXX_LIBRARY = "libc++";
				CLANG_ENABLE_MODULES = YES;
				CLANG_ENABLE_OBJC_ARC = YES;
				CLANG_WARN_BOOL_CONVERSION = YES;
				CLANG_WARN_CONSTANT_CONVERSION = YES;
				CLANG_WARN_DIRECT_OBJC_ISA_USAGE = YES_ERROR;
				CLANG_WARN_EMPTY_BODY = YES;
				CLANG_WARN_ENUM_CONVERSION = YES;
				CLANG_WARN_INT_CONVERSION = YES;
				CLANG_WARN_OBJC_ROOT_CLASS = YES_ERROR;
				CLANG_WARN_UNREACHABLE_CODE = YES;
				CLANG_WARN__DUPLICATE_METHOD_MATCH = YES;
				"CODE_SIGN_IDENTITY[sdk=iphoneos*]" = "iPhone Developer";
				COPY_PHASE_STRIP = NO;
				DEBUG_INFORMATION_FORMAT = dwarf;
				ENABLE_STRICT_OBJC_MSGSEND = YES;
				ENABLE_TESTABILITY = YES;
				GCC_C_LANGUAGE_STANDARD = gnu99;
				GCC_DYNAMIC_NO_PIC = NO;
				GCC_NO_COMMON_BLOCKS = YES;
				GCC_OPTIMIZATION_LEVEL = 0;
				GCC_PREPROCESSOR_DEFINITIONS = (
					"DEBUG=1",
					"$(inherited)",
				);
				GCC_WARN_64_TO_32_BIT_CONVERSION = YES;
				GCC_WARN_ABOUT_RETURN_TYPE = YES_ERROR;
				GCC_WARN_UNDECLARED_SELECTOR = YES;
				GCC_WARN_UNINITIALIZED_AUTOS = YES_AGGRESSIVE;
				GCC_WARN_UNUSED_FUNCTION = YES;
				GCC_WARN_UNUSED_VARIABLE = YES;
				IPHONEOS_DEPLOYMENT_TARGET = 9.0;
				MTL_ENABLE_DEBUG_INFO = YES;
				ONLY_ACTIVE_ARCH = YES;
				SDKROOT = iphoneos;
				SWIFT_OPTIMIZATION_LEVEL = "-Onone";
			};
			name = Debug;
		};
		96A3BD651C0503F200E0B8D3 /* Release */ = {
			isa = XCBuildConfiguration;
			buildSettings = {
				ALWAYS_SEARCH_USER_PATHS = NO;
				CLANG_CXX_LANGUAGE_STANDARD = "gnu++0x";
				CLANG_CXX_LIBRARY = "libc++";
				CLANG_ENABLE_MODULES = YES;
				CLANG_ENABLE_OBJC_ARC = YES;
				CLANG_WARN_BOOL_CONVERSION = YES;
				CLANG_WARN_CONSTANT_CONVERSION = YES;
				CLANG_WARN_DIRECT_OBJC_ISA_USAGE = YES_ERROR;
				CLANG_WARN_EMPTY_BODY = YES;
				CLANG_WARN_ENUM_CONVERSION = YES;
				CLANG_WARN_INT_CONVERSION = YES;
				CLANG_WARN_OBJC_ROOT_CLASS = YES_ERROR;
				CLANG_WARN_UNREACHABLE_CODE = YES;
				CLANG_WARN__DUPLICATE_METHOD_MATCH = YES;
				"CODE_SIGN_IDENTITY[sdk=iphoneos*]" = "iPhone Developer";
				COPY_PHASE_STRIP = NO;
				DEBUG_INFORMATION_FORMAT = "dwarf-with-dsym";
				ENABLE_NS_ASSERTIONS = NO;
				ENABLE_STRICT_OBJC_MSGSEND = YES;
				GCC_C_LANGUAGE_STANDARD = gnu99;
				GCC_NO_COMMON_BLOCKS = YES;
				GCC_WARN_64_TO_32_BIT_CONVERSION = YES;
				GCC_WARN_ABOUT_RETURN_TYPE = YES_ERROR;
				GCC_WARN_UNDECLARED_SELECTOR = YES;
				GCC_WARN_UNINITIALIZED_AUTOS = YES_AGGRESSIVE;
				GCC_WARN_UNUSED_FUNCTION = YES;
				GCC_WARN_UNUSED_VARIABLE = YES;
				IPHONEOS_DEPLOYMENT_TARGET = 9.0;
				MTL_ENABLE_DEBUG_INFO = NO;
				SDKROOT = iphoneos;
				VALIDATE_PRODUCT = YES;
			};
			name = Release;
		};
		96A3BD671C0503F200E0B8D3 /* Debug */ = {
			isa = XCBuildConfiguration;
			buildSettings = {
				ASSETCATALOG_COMPILER_APPICON_NAME = AppIcon;
				INFOPLIST_FILE = Project4/Info.plist;
				LD_RUNPATH_SEARCH_PATHS = "$(inherited) @executable_path/Frameworks";
				PRODUCT_BUNDLE_IDENTIFIER = com.joanne.Project4;
				PRODUCT_NAME = "$(TARGET_NAME)";
			};
			name = Debug;
		};
		96A3BD681C0503F200E0B8D3 /* Release */ = {
			isa = XCBuildConfiguration;
			buildSettings = {
				ASSETCATALOG_COMPILER_APPICON_NAME = AppIcon;
				INFOPLIST_FILE = Project4/Info.plist;
				LD_RUNPATH_SEARCH_PATHS = "$(inherited) @executable_path/Frameworks";
				PRODUCT_BUNDLE_IDENTIFIER = com.joanne.Project4;
				PRODUCT_NAME = "$(TARGET_NAME)";
			};
			name = Release;
		};
/* End XCBuildConfiguration section */

/* Begin XCConfigurationList section */
		96A3BD4F1C0503F200E0B8D3 /* Build configuration list for PBXProject "Project4" */ = {
			isa = XCConfigurationList;
			buildConfigurations = (
				96A3BD641C0503F200E0B8D3 /* Debug */,
				96A3BD651C0503F200E0B8D3 /* Release */,
			);
			defaultConfigurationIsVisible = 0;
			defaultConfigurationName = Release;
		};
		96A3BD661C0503F200E0B8D3 /* Build configuration list for PBXNativeTarget "Project4" */ = {
			isa = XCConfigurationList;
			buildConfigurations = (
				96A3BD671C0503F200E0B8D3 /* Debug */,
				96A3BD681C0503F200E0B8D3 /* Release */,
			);
			defaultConfigurationIsVisible = 0;
		};
/* End XCConfigurationList section */
	};
	rootObject = 96A3BD4C1C0503F200E0B8D3 /* Project object */;
}
